{
  "name": "Lang Translate",
  "version": "1.0.0",
  "lockfileVersion": 2,
  "requires": true,
  "packages": {
    "": {
      "name": "Lang Translate",
      "version": "1.0.0",
      "license": "ISC",
      "dependencies": {
        "ask-sdk-core": "^2.0.0",
        "ask-sdk-model": "^1.0.0"
      }
    },
    "node_modules/ask-sdk-core": {
      "version": "2.12.1",
      "license": "Apache-2.0",
      "dependencies": {
        "ask-sdk-runtime": "^2.12.0"
      },
      "peerDependencies": {
        "ask-sdk-model": "^1.29.0"
      }
    },
    "node_modules/ask-sdk-model": {
      "version": "1.38.3",
      "license": "Apache-2.0"
    },
    "node_modules/ask-sdk-runtime": {
      "version": "2.12.0",
      "license": "Apache-2.0"
    }
  },
  "dependencies": {
    "ask-sdk-core": {
      "version": "2.12.1",
      "requires": {
        "ask-sdk-runtime": "^2.12.0"
      }
    },
    "ask-sdk-model": {
      "version": "1.38.3"
    },
    "ask-sdk-runtime": {
      "version": "2.12.0"
    }
  }
}
